// !$*UTF8*$!
{
	archiveVersion = 1;
	classes = {
	};
	objectVersion = 46;
	objects = {

/* Begin PBXBuildFile section */
		201538121842AC4800102B12 /* VectorUtilities.m in Sources */ = {isa = PBXBuildFile; fileRef = 201538111842AC4800102B12 /* VectorUtilities.m */; };
		2027AE36183FE7DE009C48FB /* GridScene.m in Sources */ = {isa = PBXBuildFile; fileRef = 2027AE35183FE7DE009C48FB /* GridScene.m */; };
		20427841183D900900A3BBE9 /* pikachu.png in Resources */ = {isa = PBXBuildFile; fileRef = 20427840183D900900A3BBE9 /* pikachu.png */; };
		207CD69F1832EAAE007C4228 /* Foundation.framework in Frameworks */ = {isa = PBXBuildFile; fileRef = 207CD69E1832EAAE007C4228 /* Foundation.framework */; };
		207CD6A11832EAAF007C4228 /* CoreGraphics.framework in Frameworks */ = {isa = PBXBuildFile; fileRef = 207CD6A01832EAAF007C4228 /* CoreGraphics.framework */; };
		207CD6A31832EAAF007C4228 /* UIKit.framework in Frameworks */ = {isa = PBXBuildFile; fileRef = 207CD6A21832EAAF007C4228 /* UIKit.framework */; };
		207CD6A51832EAAF007C4228 /* SpriteKit.framework in Frameworks */ = {isa = PBXBuildFile; fileRef = 207CD6A41832EAAF007C4228 /* SpriteKit.framework */; };
		207CD6AB1832EAAF007C4228 /* InfoPlist.strings in Resources */ = {isa = PBXBuildFile; fileRef = 207CD6A91832EAAF007C4228 /* InfoPlist.strings */; };
		207CD6AD1832EAAF007C4228 /* main.m in Sources */ = {isa = PBXBuildFile; fileRef = 207CD6AC1832EAAF007C4228 /* main.m */; };
		207CD6B41832EAAF007C4228 /* Main.storyboard in Resources */ = {isa = PBXBuildFile; fileRef = 207CD6B21832EAAF007C4228 /* Main.storyboard */; };
		207CD6BC1832EAAF007C4228 /* Spaceship.png in Resources */ = {isa = PBXBuildFile; fileRef = 207CD6BB1832EAAF007C4228 /* Spaceship.png */; };
		207CD6BE1832EAAF007C4228 /* Images.xcassets in Resources */ = {isa = PBXBuildFile; fileRef = 207CD6BD1832EAAF007C4228 /* Images.xcassets */; };
		207CD6C51832EAAF007C4228 /* XCTest.framework in Frameworks */ = {isa = PBXBuildFile; fileRef = 207CD6C41832EAAF007C4228 /* XCTest.framework */; };
		207CD6C61832EAAF007C4228 /* Foundation.framework in Frameworks */ = {isa = PBXBuildFile; fileRef = 207CD69E1832EAAE007C4228 /* Foundation.framework */; };
		207CD6C71832EAAF007C4228 /* UIKit.framework in Frameworks */ = {isa = PBXBuildFile; fileRef = 207CD6A21832EAAF007C4228 /* UIKit.framework */; };
		207CD6CF1832EAAF007C4228 /* InfoPlist.strings in Resources */ = {isa = PBXBuildFile; fileRef = 207CD6CD1832EAAF007C4228 /* InfoPlist.strings */; };
		207CD6D11832EAAF007C4228 /* LinEqGameTests.m in Sources */ = {isa = PBXBuildFile; fileRef = 207CD6D01832EAAF007C4228 /* LinEqGameTests.m */; };
		20B4BCE1183FBCAD008976B6 /* shark.png in Resources */ = {isa = PBXBuildFile; fileRef = 20B4BCE0183FBCAD008976B6 /* shark.png */; };
		20B4BCE3183FC347008976B6 /* underwater.jpg in Resources */ = {isa = PBXBuildFile; fileRef = 20B4BCE2183FC347008976B6 /* underwater.jpg */; };
		20B4BCE5183FC45E008976B6 /* shark-background.jpg in Resources */ = {isa = PBXBuildFile; fileRef = 20B4BCE4183FC45E008976B6 /* shark-background.jpg */; };
		20B4BCE7183FC4A5008976B6 /* underwater-background.jpg in Resources */ = {isa = PBXBuildFile; fileRef = 20B4BCE6183FC4A5008976B6 /* underwater-background.jpg */; };
		20B4BCE9183FC97E008976B6 /* lightning.png in Resources */ = {isa = PBXBuildFile; fileRef = 20B4BCE8183FC97E008976B6 /* lightning.png */; };
		20CB6FC6183FEC5300B72BD6 /* PositionSelector.m in Sources */ = {isa = PBXBuildFile; fileRef = 20CB6FBF183FEC5300B72BD6 /* PositionSelector.m */; };
		20CB6FC7183FEC5300B72BD6 /* Selector.m in Sources */ = {isa = PBXBuildFile; fileRef = 20CB6FC1183FEC5300B72BD6 /* Selector.m */; };
		20CB6FC8183FEC5300B72BD6 /* SelectorButton.m in Sources */ = {isa = PBXBuildFile; fileRef = 20CB6FC3183FEC5300B72BD6 /* SelectorButton.m */; };
		20CB6FC9183FEC5300B72BD6 /* SlopeSelector.m in Sources */ = {isa = PBXBuildFile; fileRef = 20CB6FC5183FEC5300B72BD6 /* SlopeSelector.m */; };
		20CB6FCE183FED7700B72BD6 /* AppDelegate.m in Sources */ = {isa = PBXBuildFile; fileRef = 20CB6FCB183FED7700B72BD6 /* AppDelegate.m */; };
		20CB6FCF183FED7700B72BD6 /* ViewController.m in Sources */ = {isa = PBXBuildFile; fileRef = 20CB6FCD183FED7700B72BD6 /* ViewController.m */; };
		20F19AB518513AC10043D06A /* EnemySpriteNode.m in Sources */ = {isa = PBXBuildFile; fileRef = 20F19AB418513AC10043D06A /* EnemySpriteNode.m */; };
		93328D0A184563F1004BCBD3 /* HealthBarNode.m in Sources */ = {isa = PBXBuildFile; fileRef = 93328D03184563F1004BCBD3 /* HealthBarNode.m */; };
		93328D0B184563F1004BCBD3 /* LevelRecordLog.m in Sources */ = {isa = PBXBuildFile; fileRef = 93328D05184563F1004BCBD3 /* LevelRecordLog.m */; };
		93328D0F18495167004BCBD3 /* jellyfish2.png in Resources */ = {isa = PBXBuildFile; fileRef = 93328D0E18495167004BCBD3 /* jellyfish2.png */; };
		937E92F41845601F00D4BA4F /* message_console.png in Resources */ = {isa = PBXBuildFile; fileRef = 937E92F11845601F00D4BA4F /* message_console.png */; };
		937E92F51845601F00D4BA4F /* score_box.png in Resources */ = {isa = PBXBuildFile; fileRef = 937E92F21845601F00D4BA4F /* score_box.png */; };
		937E92F61845601F00D4BA4F /* time_box.png in Resources */ = {isa = PBXBuildFile; fileRef = 937E92F31845601F00D4BA4F /* time_box.png */; };
		93BA8BC21849866400D872C3 /* MessageBarNode.m in Sources */ = {isa = PBXBuildFile; fileRef = 93BA8BC11849866400D872C3 /* MessageBarNode.m */; };
		93BA8BC818499A0900D872C3 /* BarBoxNodeBase.m in Sources */ = {isa = PBXBuildFile; fileRef = 93BA8BC718499A0900D872C3 /* BarBoxNodeBase.m */; };
		93BA8BCC184D5A1200D872C3 /* ScoreBoxNode.m in Sources */ = {isa = PBXBuildFile; fileRef = 93BA8BCB184D5A1200D872C3 /* ScoreBoxNode.m */; };
		93BA8BCF184D5A2900D872C3 /* TimerBoxNode.m in Sources */ = {isa = PBXBuildFile; fileRef = 93BA8BCE184D5A2900D872C3 /* TimerBoxNode.m */; };
		93F0FBE718454925003B784C /* octopus_happy.png in Resources */ = {isa = PBXBuildFile; fileRef = 93F0FBE418454925003B784C /* octopus_happy.png */; };
		93F0FBE818454925003B784C /* jellyfish2.png in Resources */ = {isa = PBXBuildFile; fileRef = 93F0FBE518454925003B784C /* jellyfish2.png */; };
		93F0FBE918454925003B784C /* jellyfish1.png in Resources */ = {isa = PBXBuildFile; fileRef = 93F0FBE618454925003B784C /* jellyfish1.png */; };
		93F0FBEB18454931003B784C /* octopus_surprised.png in Resources */ = {isa = PBXBuildFile; fileRef = 93F0FBEA18454931003B784C /* octopus_surprised.png */; };
		AE460894183FE1CF00DF26E1 /* AnswerChoice.m in Sources */ = {isa = PBXBuildFile; fileRef = AE46088B183FE1CF00DF26E1 /* AnswerChoice.m */; };
		AE460895183FE1CF00DF26E1 /* Fraction.m in Sources */ = {isa = PBXBuildFile; fileRef = AE46088D183FE1CF00DF26E1 /* Fraction.m */; };
		AE460896183FE1CF00DF26E1 /* Location.m in Sources */ = {isa = PBXBuildFile; fileRef = AE46088F183FE1CF00DF26E1 /* Location.m */; };
		AE460897183FE1CF00DF26E1 /* QuestionMaster.m in Sources */ = {isa = PBXBuildFile; fileRef = AE460891183FE1CF00DF26E1 /* QuestionMaster.m */; };
		AE460898183FE1CF00DF26E1 /* QuestionObject.m in Sources */ = {isa = PBXBuildFile; fileRef = AE460893183FE1CF00DF26E1 /* QuestionObject.m */; };
/* End PBXBuildFile section */

/* Begin PBXContainerItemProxy section */
		207CD6C81832EAAF007C4228 /* PBXContainerItemProxy */ = {
			isa = PBXContainerItemProxy;
			containerPortal = 207CD6931832EAAE007C4228 /* Project object */;
			proxyType = 1;
			remoteGlobalIDString = 207CD69A1832EAAE007C4228;
			remoteInfo = LinEqGame;
		};
/* End PBXContainerItemProxy section */

/* Begin PBXFileReference section */
		201538101842AC4800102B12 /* VectorUtilities.h */ = {isa = PBXFileReference; fileEncoding = 4; lastKnownFileType = sourcecode.c.h; path = VectorUtilities.h; sourceTree = "<group>"; };
		201538111842AC4800102B12 /* VectorUtilities.m */ = {isa = PBXFileReference; fileEncoding = 4; lastKnownFileType = sourcecode.c.objc; path = VectorUtilities.m; sourceTree = "<group>"; };
		2027AE34183FE7DE009C48FB /* GridScene.h */ = {isa = PBXFileReference; fileEncoding = 4; lastKnownFileType = sourcecode.c.h; path = GridScene.h; sourceTree = "<group>"; };
		2027AE35183FE7DE009C48FB /* GridScene.m */ = {isa = PBXFileReference; fileEncoding = 4; lastKnownFileType = sourcecode.c.objc; path = GridScene.m; sourceTree = "<group>"; };
		20427840183D900900A3BBE9 /* pikachu.png */ = {isa = PBXFileReference; lastKnownFileType = image.png; path = pikachu.png; sourceTree = "<group>"; };
		207CD69B1832EAAE007C4228 /* LinEqGame.app */ = {isa = PBXFileReference; explicitFileType = wrapper.application; includeInIndex = 0; path = LinEqGame.app; sourceTree = BUILT_PRODUCTS_DIR; };
		207CD69E1832EAAE007C4228 /* Foundation.framework */ = {isa = PBXFileReference; lastKnownFileType = wrapper.framework; name = Foundation.framework; path = System/Library/Frameworks/Foundation.framework; sourceTree = SDKROOT; };
		207CD6A01832EAAF007C4228 /* CoreGraphics.framework */ = {isa = PBXFileReference; lastKnownFileType = wrapper.framework; name = CoreGraphics.framework; path = System/Library/Frameworks/CoreGraphics.framework; sourceTree = SDKROOT; };
		207CD6A21832EAAF007C4228 /* UIKit.framework */ = {isa = PBXFileReference; lastKnownFileType = wrapper.framework; name = UIKit.framework; path = System/Library/Frameworks/UIKit.framework; sourceTree = SDKROOT; };
		207CD6A41832EAAF007C4228 /* SpriteKit.framework */ = {isa = PBXFileReference; lastKnownFileType = wrapper.framework; name = SpriteKit.framework; path = System/Library/Frameworks/SpriteKit.framework; sourceTree = SDKROOT; };
		207CD6A81832EAAF007C4228 /* LinEqGame-Info.plist */ = {isa = PBXFileReference; lastKnownFileType = text.plist.xml; path = "LinEqGame-Info.plist"; sourceTree = "<group>"; };
		207CD6AA1832EAAF007C4228 /* en */ = {isa = PBXFileReference; lastKnownFileType = text.plist.strings; name = en; path = en.lproj/InfoPlist.strings; sourceTree = "<group>"; };
		207CD6AC1832EAAF007C4228 /* main.m */ = {isa = PBXFileReference; lastKnownFileType = sourcecode.c.objc; path = main.m; sourceTree = "<group>"; };
		207CD6AE1832EAAF007C4228 /* LinEqGame-Prefix.pch */ = {isa = PBXFileReference; lastKnownFileType = sourcecode.c.h; path = "LinEqGame-Prefix.pch"; sourceTree = "<group>"; };
		207CD6B31832EAAF007C4228 /* Base */ = {isa = PBXFileReference; lastKnownFileType = file.storyboard; name = Base; path = Base.lproj/Main.storyboard; sourceTree = "<group>"; };
		207CD6BB1832EAAF007C4228 /* Spaceship.png */ = {isa = PBXFileReference; lastKnownFileType = image.png; path = Spaceship.png; sourceTree = "<group>"; };
		207CD6BD1832EAAF007C4228 /* Images.xcassets */ = {isa = PBXFileReference; lastKnownFileType = folder.assetcatalog; path = Images.xcassets; sourceTree = "<group>"; };
		207CD6C31832EAAF007C4228 /* LinEqGameTests.xctest */ = {isa = PBXFileReference; explicitFileType = wrapper.cfbundle; includeInIndex = 0; path = LinEqGameTests.xctest; sourceTree = BUILT_PRODUCTS_DIR; };
		207CD6C41832EAAF007C4228 /* XCTest.framework */ = {isa = PBXFileReference; lastKnownFileType = wrapper.framework; name = XCTest.framework; path = Library/Frameworks/XCTest.framework; sourceTree = DEVELOPER_DIR; };
		207CD6CC1832EAAF007C4228 /* LinEqGameTests-Info.plist */ = {isa = PBXFileReference; lastKnownFileType = text.plist.xml; path = "LinEqGameTests-Info.plist"; sourceTree = "<group>"; };
		207CD6CE1832EAAF007C4228 /* en */ = {isa = PBXFileReference; lastKnownFileType = text.plist.strings; name = en; path = en.lproj/InfoPlist.strings; sourceTree = "<group>"; };
		207CD6D01832EAAF007C4228 /* LinEqGameTests.m */ = {isa = PBXFileReference; lastKnownFileType = sourcecode.c.objc; path = LinEqGameTests.m; sourceTree = "<group>"; };
		20B4BCE0183FBCAD008976B6 /* shark.png */ = {isa = PBXFileReference; lastKnownFileType = image.png; path = shark.png; sourceTree = "<group>"; };
		20B4BCE2183FC347008976B6 /* underwater.jpg */ = {isa = PBXFileReference; lastKnownFileType = image.jpeg; path = underwater.jpg; sourceTree = "<group>"; };
		20B4BCE4183FC45E008976B6 /* shark-background.jpg */ = {isa = PBXFileReference; lastKnownFileType = image.jpeg; path = "shark-background.jpg"; sourceTree = "<group>"; };
		20B4BCE6183FC4A5008976B6 /* underwater-background.jpg */ = {isa = PBXFileReference; lastKnownFileType = image.jpeg; path = "underwater-background.jpg"; sourceTree = "<group>"; };
		20B4BCE8183FC97E008976B6 /* lightning.png */ = {isa = PBXFileReference; lastKnownFileType = image.png; path = lightning.png; sourceTree = "<group>"; };
		20CB6FBE183FEC5300B72BD6 /* PositionSelector.h */ = {isa = PBXFileReference; fileEncoding = 4; lastKnownFileType = sourcecode.c.h; path = PositionSelector.h; sourceTree = "<group>"; };
		20CB6FBF183FEC5300B72BD6 /* PositionSelector.m */ = {isa = PBXFileReference; fileEncoding = 4; lastKnownFileType = sourcecode.c.objc; path = PositionSelector.m; sourceTree = "<group>"; };
		20CB6FC0183FEC5300B72BD6 /* Selector.h */ = {isa = PBXFileReference; fileEncoding = 4; lastKnownFileType = sourcecode.c.h; path = Selector.h; sourceTree = "<group>"; };
		20CB6FC1183FEC5300B72BD6 /* Selector.m */ = {isa = PBXFileReference; fileEncoding = 4; lastKnownFileType = sourcecode.c.objc; path = Selector.m; sourceTree = "<group>"; };
		20CB6FC2183FEC5300B72BD6 /* SelectorButton.h */ = {isa = PBXFileReference; fileEncoding = 4; lastKnownFileType = sourcecode.c.h; path = SelectorButton.h; sourceTree = "<group>"; };
		20CB6FC3183FEC5300B72BD6 /* SelectorButton.m */ = {isa = PBXFileReference; fileEncoding = 4; lastKnownFileType = sourcecode.c.objc; path = SelectorButton.m; sourceTree = "<group>"; };
		20CB6FC4183FEC5300B72BD6 /* SlopeSelector.h */ = {isa = PBXFileReference; fileEncoding = 4; lastKnownFileType = sourcecode.c.h; path = SlopeSelector.h; sourceTree = "<group>"; };
		20CB6FC5183FEC5300B72BD6 /* SlopeSelector.m */ = {isa = PBXFileReference; fileEncoding = 4; lastKnownFileType = sourcecode.c.objc; path = SlopeSelector.m; sourceTree = "<group>"; };
		20CB6FCA183FED7700B72BD6 /* AppDelegate.h */ = {isa = PBXFileReference; fileEncoding = 4; lastKnownFileType = sourcecode.c.h; name = AppDelegate.h; path = LinEqGame/AppDelegate.h; sourceTree = "<group>"; };
		20CB6FCB183FED7700B72BD6 /* AppDelegate.m */ = {isa = PBXFileReference; fileEncoding = 4; lastKnownFileType = sourcecode.c.objc; name = AppDelegate.m; path = LinEqGame/AppDelegate.m; sourceTree = "<group>"; };
		20CB6FCC183FED7700B72BD6 /* ViewController.h */ = {isa = PBXFileReference; fileEncoding = 4; lastKnownFileType = sourcecode.c.h; name = ViewController.h; path = LinEqGame/ViewController.h; sourceTree = "<group>"; };
		20CB6FCD183FED7700B72BD6 /* ViewController.m */ = {isa = PBXFileReference; fileEncoding = 4; lastKnownFileType = sourcecode.c.objc; name = ViewController.m; path = LinEqGame/ViewController.m; sourceTree = "<group>"; };
		20F19AB318513AC10043D06A /* EnemySpriteNode.h */ = {isa = PBXFileReference; fileEncoding = 4; lastKnownFileType = sourcecode.c.h; path = EnemySpriteNode.h; sourceTree = "<group>"; };
		20F19AB418513AC10043D06A /* EnemySpriteNode.m */ = {isa = PBXFileReference; fileEncoding = 4; lastKnownFileType = sourcecode.c.objc; path = EnemySpriteNode.m; sourceTree = "<group>"; };
		93328D02184563F1004BCBD3 /* HealthBarNode.h */ = {isa = PBXFileReference; fileEncoding = 4; lastKnownFileType = sourcecode.c.h; path = HealthBarNode.h; sourceTree = "<group>"; };
		93328D03184563F1004BCBD3 /* HealthBarNode.m */ = {isa = PBXFileReference; fileEncoding = 4; lastKnownFileType = sourcecode.c.objc; path = HealthBarNode.m; sourceTree = "<group>"; };
		93328D04184563F1004BCBD3 /* LevelRecordLog.h */ = {isa = PBXFileReference; fileEncoding = 4; lastKnownFileType = sourcecode.c.h; path = LevelRecordLog.h; sourceTree = "<group>"; };
		93328D05184563F1004BCBD3 /* LevelRecordLog.m */ = {isa = PBXFileReference; fileEncoding = 4; lastKnownFileType = sourcecode.c.objc; path = LevelRecordLog.m; sourceTree = "<group>"; };
		93328D0E18495167004BCBD3 /* jellyfish2.png */ = {isa = PBXFileReference; lastKnownFileType = image.png; path = jellyfish2.png; sourceTree = "<group>"; };
		937E92F11845601F00D4BA4F /* message_console.png */ = {isa = PBXFileReference; lastKnownFileType = image.png; path = message_console.png; sourceTree = "<group>"; };
		937E92F21845601F00D4BA4F /* score_box.png */ = {isa = PBXFileReference; lastKnownFileType = image.png; path = score_box.png; sourceTree = "<group>"; };
		937E92F31845601F00D4BA4F /* time_box.png */ = {isa = PBXFileReference; lastKnownFileType = image.png; path = time_box.png; sourceTree = "<group>"; };
		93BA8BC01849866400D872C3 /* MessageBarNode.h */ = {isa = PBXFileReference; fileEncoding = 4; lastKnownFileType = sourcecode.c.h; path = MessageBarNode.h; sourceTree = "<group>"; };
		93BA8BC11849866400D872C3 /* MessageBarNode.m */ = {isa = PBXFileReference; fileEncoding = 4; lastKnownFileType = sourcecode.c.objc; path = MessageBarNode.m; sourceTree = "<group>"; tabWidth = 5; };
		93BA8BC618499A0900D872C3 /* BarBoxNodeBase.h */ = {isa = PBXFileReference; fileEncoding = 4; lastKnownFileType = sourcecode.c.h; path = BarBoxNodeBase.h; sourceTree = "<group>"; };
		93BA8BC718499A0900D872C3 /* BarBoxNodeBase.m */ = {isa = PBXFileReference; fileEncoding = 4; lastKnownFileType = sourcecode.c.objc; path = BarBoxNodeBase.m; sourceTree = "<group>"; };
		93BA8BC9184BED1D00D872C3 /* ResetProtocol.h */ = {isa = PBXFileReference; lastKnownFileType = sourcecode.c.h; path = ResetProtocol.h; sourceTree = "<group>"; };
		93BA8BCA184D5A1200D872C3 /* ScoreBoxNode.h */ = {isa = PBXFileReference; fileEncoding = 4; lastKnownFileType = sourcecode.c.h; path = ScoreBoxNode.h; sourceTree = "<group>"; };
		93BA8BCB184D5A1200D872C3 /* ScoreBoxNode.m */ = {isa = PBXFileReference; fileEncoding = 4; lastKnownFileType = sourcecode.c.objc; path = ScoreBoxNode.m; sourceTree = "<group>"; };
		93BA8BCD184D5A2900D872C3 /* TimerBoxNode.h */ = {isa = PBXFileReference; fileEncoding = 4; lastKnownFileType = sourcecode.c.h; path = TimerBoxNode.h; sourceTree = "<group>"; };
		93BA8BCE184D5A2900D872C3 /* TimerBoxNode.m */ = {isa = PBXFileReference; fileEncoding = 4; lastKnownFileType = sourcecode.c.objc; path = TimerBoxNode.m; sourceTree = "<group>"; };
		93F0FBE418454925003B784C /* octopus_happy.png */ = {isa = PBXFileReference; lastKnownFileType = image.png; path = octopus_happy.png; sourceTree = "<group>"; };
		93F0FBE518454925003B784C /* jellyfish2.png */ = {isa = PBXFileReference; lastKnownFileType = image.png; path = jellyfish2.png; sourceTree = "<group>"; };
		93F0FBE618454925003B784C /* jellyfish1.png */ = {isa = PBXFileReference; lastKnownFileType = image.png; path = jellyfish1.png; sourceTree = "<group>"; };
		93F0FBEA18454931003B784C /* octopus_surprised.png */ = {isa = PBXFileReference; lastKnownFileType = image.png; path = octopus_surprised.png; sourceTree = "<group>"; };
		AE46088A183FE1CF00DF26E1 /* AnswerChoice.h */ = {isa = PBXFileReference; fileEncoding = 4; lastKnownFileType = sourcecode.c.h; path = AnswerChoice.h; sourceTree = "<group>"; };
		AE46088B183FE1CF00DF26E1 /* AnswerChoice.m */ = {isa = PBXFileReference; fileEncoding = 4; lastKnownFileType = sourcecode.c.objc; path = AnswerChoice.m; sourceTree = "<group>"; };
		AE46088C183FE1CF00DF26E1 /* Fraction.h */ = {isa = PBXFileReference; fileEncoding = 4; lastKnownFileType = sourcecode.c.h; path = Fraction.h; sourceTree = "<group>"; };
		AE46088D183FE1CF00DF26E1 /* Fraction.m */ = {isa = PBXFileReference; fileEncoding = 4; lastKnownFileType = sourcecode.c.objc; path = Fraction.m; sourceTree = "<group>"; };
		AE46088E183FE1CF00DF26E1 /* Location.h */ = {isa = PBXFileReference; fileEncoding = 4; lastKnownFileType = sourcecode.c.h; path = Location.h; sourceTree = "<group>"; };
		AE46088F183FE1CF00DF26E1 /* Location.m */ = {isa = PBXFileReference; fileEncoding = 4; lastKnownFileType = sourcecode.c.objc; path = Location.m; sourceTree = "<group>"; };
		AE460890183FE1CF00DF26E1 /* QuestionMaster.h */ = {isa = PBXFileReference; fileEncoding = 4; lastKnownFileType = sourcecode.c.h; path = QuestionMaster.h; sourceTree = "<group>"; };
		AE460891183FE1CF00DF26E1 /* QuestionMaster.m */ = {isa = PBXFileReference; fileEncoding = 4; lastKnownFileType = sourcecode.c.objc; path = QuestionMaster.m; sourceTree = "<group>"; };
		AE460892183FE1CF00DF26E1 /* QuestionObject.h */ = {isa = PBXFileReference; fileEncoding = 4; lastKnownFileType = sourcecode.c.h; path = QuestionObject.h; sourceTree = "<group>"; };
		AE460893183FE1CF00DF26E1 /* QuestionObject.m */ = {isa = PBXFileReference; fileEncoding = 4; lastKnownFileType = sourcecode.c.objc; path = QuestionObject.m; sourceTree = "<group>"; };
/* End PBXFileReference section */

/* Begin PBXFrameworksBuildPhase section */
		207CD6981832EAAE007C4228 /* Frameworks */ = {
			isa = PBXFrameworksBuildPhase;
			buildActionMask = 2147483647;
			files = (
				207CD6A11832EAAF007C4228 /* CoreGraphics.framework in Frameworks */,
				207CD6A31832EAAF007C4228 /* UIKit.framework in Frameworks */,
				207CD6A51832EAAF007C4228 /* SpriteKit.framework in Frameworks */,
				207CD69F1832EAAE007C4228 /* Foundation.framework in Frameworks */,
			);
			runOnlyForDeploymentPostprocessing = 0;
		};
		207CD6C01832EAAF007C4228 /* Frameworks */ = {
			isa = PBXFrameworksBuildPhase;
			buildActionMask = 2147483647;
			files = (
				207CD6C51832EAAF007C4228 /* XCTest.framework in Frameworks */,
				207CD6C71832EAAF007C4228 /* UIKit.framework in Frameworks */,
				207CD6C61832EAAF007C4228 /* Foundation.framework in Frameworks */,
			);
			runOnlyForDeploymentPostprocessing = 0;
		};
/* End PBXFrameworksBuildPhase section */

/* Begin PBXGroup section */
		201538131842AC5000102B12 /* Util */ = {
			isa = PBXGroup;
			children = (
				201538101842AC4800102B12 /* VectorUtilities.h */,
				201538111842AC4800102B12 /* VectorUtilities.m */,
			);
			name = Util;
			sourceTree = "<group>";
		};
		20427842183D901600A3BBE9 /* Assets */ = {
			isa = PBXGroup;
			children = (
				93328D0E18495167004BCBD3 /* jellyfish2.png */,
				937E92F11845601F00D4BA4F /* message_console.png */,
				937E92F21845601F00D4BA4F /* score_box.png */,
				937E92F31845601F00D4BA4F /* time_box.png */,
				93F0FBEA18454931003B784C /* octopus_surprised.png */,
				93F0FBE418454925003B784C /* octopus_happy.png */,
				93F0FBE518454925003B784C /* jellyfish2.png */,
				93F0FBE618454925003B784C /* jellyfish1.png */,
				20B4BCE8183FC97E008976B6 /* lightning.png */,
				20B4BCE6183FC4A5008976B6 /* underwater-background.jpg */,
				20B4BCE4183FC45E008976B6 /* shark-background.jpg */,
				20B4BCE2183FC347008976B6 /* underwater.jpg */,
				20B4BCE0183FBCAD008976B6 /* shark.png */,
				20427840183D900900A3BBE9 /* pikachu.png */,
			);
			name = Assets;
			sourceTree = "<group>";
		};
		207CD6921832EAAE007C4228 = {
			isa = PBXGroup;
			children = (
				201538131842AC5000102B12 /* Util */,
				93328D01184563F1004BCBD3 /* LevelRecordFiles */,
				20CB6FCA183FED7700B72BD6 /* AppDelegate.h */,
				20CB6FCB183FED7700B72BD6 /* AppDelegate.m */,
				20CB6FCC183FED7700B72BD6 /* ViewController.h */,
				20CB6FCD183FED7700B72BD6 /* ViewController.m */,
				20CB6FBD183FEC5300B72BD6 /* Selectors */,
				20427842183D901600A3BBE9 /* Assets */,
				207CD6A61832EAAF007C4228 /* LinEqGame */,
				207CD6CA1832EAAF007C4228 /* LinEqGameTests */,
				207CD69D1832EAAE007C4228 /* Frameworks */,
				207CD69C1832EAAE007C4228 /* Products */,
			);
			sourceTree = "<group>";
		};
		207CD69C1832EAAE007C4228 /* Products */ = {
			isa = PBXGroup;
			children = (
				207CD69B1832EAAE007C4228 /* LinEqGame.app */,
				207CD6C31832EAAF007C4228 /* LinEqGameTests.xctest */,
			);
			name = Products;
			sourceTree = "<group>";
		};
		207CD69D1832EAAE007C4228 /* Frameworks */ = {
			isa = PBXGroup;
			children = (
				207CD69E1832EAAE007C4228 /* Foundation.framework */,
				207CD6A01832EAAF007C4228 /* CoreGraphics.framework */,
				207CD6A21832EAAF007C4228 /* UIKit.framework */,
				207CD6A41832EAAF007C4228 /* SpriteKit.framework */,
				207CD6C41832EAAF007C4228 /* XCTest.framework */,
			);
			name = Frameworks;
			sourceTree = "<group>";
		};
		207CD6A61832EAAF007C4228 /* LinEqGame */ = {
			isa = PBXGroup;
			children = (
				2027AE34183FE7DE009C48FB /* GridScene.h */,
				2027AE35183FE7DE009C48FB /* GridScene.m */,
				20F19AB318513AC10043D06A /* EnemySpriteNode.h */,
				20F19AB418513AC10043D06A /* EnemySpriteNode.m */,
				207CD6B21832EAAF007C4228 /* Main.storyboard */,
				AE460889183FE1CF00DF26E1 /* henrys files */,
				207CD6BB1832EAAF007C4228 /* Spaceship.png */,
				207CD6BD1832EAAF007C4228 /* Images.xcassets */,
				207CD6A71832EAAF007C4228 /* Supporting Files */,
			);
			path = LinEqGame;
			sourceTree = "<group>";
		};
		207CD6A71832EAAF007C4228 /* Supporting Files */ = {
			isa = PBXGroup;
			children = (
				207CD6A81832EAAF007C4228 /* LinEqGame-Info.plist */,
				207CD6A91832EAAF007C4228 /* InfoPlist.strings */,
				207CD6AC1832EAAF007C4228 /* main.m */,
				207CD6AE1832EAAF007C4228 /* LinEqGame-Prefix.pch */,
			);
			name = "Supporting Files";
			sourceTree = "<group>";
		};
		207CD6CA1832EAAF007C4228 /* LinEqGameTests */ = {
			isa = PBXGroup;
			children = (
				207CD6D01832EAAF007C4228 /* LinEqGameTests.m */,
				207CD6CB1832EAAF007C4228 /* Supporting Files */,
			);
			path = LinEqGameTests;
			sourceTree = "<group>";
		};
		207CD6CB1832EAAF007C4228 /* Supporting Files */ = {
			isa = PBXGroup;
			children = (
				207CD6CC1832EAAF007C4228 /* LinEqGameTests-Info.plist */,
				207CD6CD1832EAAF007C4228 /* InfoPlist.strings */,
			);
			name = "Supporting Files";
			sourceTree = "<group>";
		};
		20CB6FBD183FEC5300B72BD6 /* Selectors */ = {
			isa = PBXGroup;
			children = (
				20CB6FBE183FEC5300B72BD6 /* PositionSelector.h */,
				20CB6FBF183FEC5300B72BD6 /* PositionSelector.m */,
				20CB6FC0183FEC5300B72BD6 /* Selector.h */,
				20CB6FC1183FEC5300B72BD6 /* Selector.m */,
				20CB6FC2183FEC5300B72BD6 /* SelectorButton.h */,
				20CB6FC3183FEC5300B72BD6 /* SelectorButton.m */,
				20CB6FC4183FEC5300B72BD6 /* SlopeSelector.h */,
				20CB6FC5183FEC5300B72BD6 /* SlopeSelector.m */,
			);
			name = Selectors;
			path = LinEqGame/Selectors;
			sourceTree = "<group>";
		};
		93328D01184563F1004BCBD3 /* LevelRecordFiles */ = {
			isa = PBXGroup;
			children = (
				93BA8BC618499A0900D872C3 /* BarBoxNodeBase.h */,
				93BA8BC718499A0900D872C3 /* BarBoxNodeBase.m */,
				93328D02184563F1004BCBD3 /* HealthBarNode.h */,
				93328D03184563F1004BCBD3 /* HealthBarNode.m */,
				93BA8BC01849866400D872C3 /* MessageBarNode.h */,
				93BA8BC11849866400D872C3 /* MessageBarNode.m */,
				93BA8BCA184D5A1200D872C3 /* ScoreBoxNode.h */,
				93BA8BCB184D5A1200D872C3 /* ScoreBoxNode.m */,
				93BA8BCD184D5A2900D872C3 /* TimerBoxNode.h */,
				93BA8BCE184D5A2900D872C3 /* TimerBoxNode.m */,
				93328D04184563F1004BCBD3 /* LevelRecordLog.h */,
				93328D05184563F1004BCBD3 /* LevelRecordLog.m */,
				93BA8BC9184BED1D00D872C3 /* ResetProtocol.h */,
			);
			name = LevelRecordFiles;
			path = LinEqGame/LevelRecordFiles;
			sourceTree = "<group>";
		};
		AE460889183FE1CF00DF26E1 /* henrys files */ = {
			isa = PBXGroup;
			children = (
				AE46088A183FE1CF00DF26E1 /* AnswerChoice.h */,
				AE46088B183FE1CF00DF26E1 /* AnswerChoice.m */,
				AE46088C183FE1CF00DF26E1 /* Fraction.h */,
				AE46088D183FE1CF00DF26E1 /* Fraction.m */,
				AE46088E183FE1CF00DF26E1 /* Location.h */,
				AE46088F183FE1CF00DF26E1 /* Location.m */,
				AE460890183FE1CF00DF26E1 /* QuestionMaster.h */,
				AE460891183FE1CF00DF26E1 /* QuestionMaster.m */,
				AE460892183FE1CF00DF26E1 /* QuestionObject.h */,
				AE460893183FE1CF00DF26E1 /* QuestionObject.m */,
			);
			path = "henrys files";
			sourceTree = "<group>";
		};
/* End PBXGroup section */

/* Begin PBXNativeTarget section */
		207CD69A1832EAAE007C4228 /* LinEqGame */ = {
			isa = PBXNativeTarget;
			buildConfigurationList = 207CD6D41832EAAF007C4228 /* Build configuration list for PBXNativeTarget "LinEqGame" */;
			buildPhases = (
				207CD6971832EAAE007C4228 /* Sources */,
				207CD6981832EAAE007C4228 /* Frameworks */,
				207CD6991832EAAE007C4228 /* Resources */,
			);
			buildRules = (
			);
			dependencies = (
			);
			name = LinEqGame;
			productName = LinEqGame;
			productReference = 207CD69B1832EAAE007C4228 /* LinEqGame.app */;
			productType = "com.apple.product-type.application";
		};
		207CD6C21832EAAF007C4228 /* LinEqGameTests */ = {
			isa = PBXNativeTarget;
			buildConfigurationList = 207CD6D71832EAAF007C4228 /* Build configuration list for PBXNativeTarget "LinEqGameTests" */;
			buildPhases = (
				207CD6BF1832EAAF007C4228 /* Sources */,
				207CD6C01832EAAF007C4228 /* Frameworks */,
				207CD6C11832EAAF007C4228 /* Resources */,
			);
			buildRules = (
			);
			dependencies = (
				207CD6C91832EAAF007C4228 /* PBXTargetDependency */,
			);
			name = LinEqGameTests;
			productName = LinEqGameTests;
			productReference = 207CD6C31832EAAF007C4228 /* LinEqGameTests.xctest */;
			productType = "com.apple.product-type.bundle.unit-test";
		};
/* End PBXNativeTarget section */

/* Begin PBXProject section */
		207CD6931832EAAE007C4228 /* Project object */ = {
			isa = PBXProject;
			attributes = {
				LastUpgradeCheck = 0500;
				ORGANIZATIONNAME = Team15;
				TargetAttributes = {
					207CD6C21832EAAF007C4228 = {
						TestTargetID = 207CD69A1832EAAE007C4228;
					};
				};
			};
			buildConfigurationList = 207CD6961832EAAE007C4228 /* Build configuration list for PBXProject "LinEqGame" */;
			compatibilityVersion = "Xcode 3.2";
			developmentRegion = English;
			hasScannedForEncodings = 0;
			knownRegions = (
				en,
				Base,
			);
			mainGroup = 207CD6921832EAAE007C4228;
			productRefGroup = 207CD69C1832EAAE007C4228 /* Products */;
			projectDirPath = "";
			projectRoot = "";
			targets = (
				207CD69A1832EAAE007C4228 /* LinEqGame */,
				207CD6C21832EAAF007C4228 /* LinEqGameTests */,
			);
		};
/* End PBXProject section */

/* Begin PBXResourcesBuildPhase section */
		207CD6991832EAAE007C4228 /* Resources */ = {
			isa = PBXResourcesBuildPhase;
			buildActionMask = 2147483647;
			files = (
				20B4BCE1183FBCAD008976B6 /* shark.png in Resources */,
				207CD6AB1832EAAF007C4228 /* InfoPlist.strings in Resources */,
				93F0FBE718454925003B784C /* octopus_happy.png in Resources */,
				93328D0F18495167004BCBD3 /* jellyfish2.png in Resources */,
				937E92F51845601F00D4BA4F /* score_box.png in Resources */,
				937E92F61845601F00D4BA4F /* time_box.png in Resources */,
				20B4BCE9183FC97E008976B6 /* lightning.png in Resources */,
				20B4BCE7183FC4A5008976B6 /* underwater-background.jpg in Resources */,
				93F0FBE918454925003B784C /* jellyfish1.png in Resources */,
				207CD6BE1832EAAF007C4228 /* Images.xcassets in Resources */,
				207CD6BC1832EAAF007C4228 /* Spaceship.png in Resources */,
				20B4BCE3183FC347008976B6 /* underwater.jpg in Resources */,
				20B4BCE5183FC45E008976B6 /* shark-background.jpg in Resources */,
				93F0FBE818454925003B784C /* jellyfish2.png in Resources */,
				937E92F41845601F00D4BA4F /* message_console.png in Resources */,
				207CD6B41832EAAF007C4228 /* Main.storyboard in Resources */,
				20427841183D900900A3BBE9 /* pikachu.png in Resources */,
				93F0FBEB18454931003B784C /* octopus_surprised.png in Resources */,
			);
			runOnlyForDeploymentPostprocessing = 0;
		};
		207CD6C11832EAAF007C4228 /* Resources */ = {
			isa = PBXResourcesBuildPhase;
			buildActionMask = 2147483647;
			files = (
				207CD6CF1832EAAF007C4228 /* InfoPlist.strings in Resources */,
			);
			runOnlyForDeploymentPostprocessing = 0;
		};
/* End PBXResourcesBuildPhase section */

/* Begin PBXSourcesBuildPhase section */
		207CD6971832EAAE007C4228 /* Sources */ = {
			isa = PBXSourcesBuildPhase;
			buildActionMask = 2147483647;
			files = (
				2027AE36183FE7DE009C48FB /* GridScene.m in Sources */,
				93BA8BCC184D5A1200D872C3 /* ScoreBoxNode.m in Sources */,
				AE460894183FE1CF00DF26E1 /* AnswerChoice.m in Sources */,
				AE460897183FE1CF00DF26E1 /* QuestionMaster.m in Sources */,
				93328D0B184563F1004BCBD3 /* LevelRecordLog.m in Sources */,
				20CB6FC6183FEC5300B72BD6 /* PositionSelector.m in Sources */,
				93BA8BC21849866400D872C3 /* MessageBarNode.m in Sources */,
				93BA8BC818499A0900D872C3 /* BarBoxNodeBase.m in Sources */,
				20CB6FC8183FEC5300B72BD6 /* SelectorButton.m in Sources */,
				201538121842AC4800102B12 /* VectorUtilities.m in Sources */,
				93BA8BCF184D5A2900D872C3 /* TimerBoxNode.m in Sources */,
				AE460898183FE1CF00DF26E1 /* QuestionObject.m in Sources */,
				20CB6FCF183FED7700B72BD6 /* ViewController.m in Sources */,
				93328D0A184563F1004BCBD3 /* HealthBarNode.m in Sources */,
				AE460896183FE1CF00DF26E1 /* Location.m in Sources */,
				20CB6FC9183FEC5300B72BD6 /* SlopeSelector.m in Sources */,
				20F19AB518513AC10043D06A /* EnemySpriteNode.m in Sources */,
				20CB6FCE183FED7700B72BD6 /* AppDelegate.m in Sources */,
				20CB6FC7183FEC5300B72BD6 /* Selector.m in Sources */,
				207CD6AD1832EAAF007C4228 /* main.m in Sources */,
				AE460895183FE1CF00DF26E1 /* Fraction.m in Sources */,
			);
			runOnlyForDeploymentPostprocessing = 0;
		};
		207CD6BF1832EAAF007C4228 /* Sources */ = {
			isa = PBXSourcesBuildPhase;
			buildActionMask = 2147483647;
			files = (
				207CD6D11832EAAF007C4228 /* LinEqGameTests.m in Sources */,
			);
			runOnlyForDeploymentPostprocessing = 0;
		};
/* End PBXSourcesBuildPhase section */

/* Begin PBXTargetDependency section */
		207CD6C91832EAAF007C4228 /* PBXTargetDependency */ = {
			isa = PBXTargetDependency;
			target = 207CD69A1832EAAE007C4228 /* LinEqGame */;
			targetProxy = 207CD6C81832EAAF007C4228 /* PBXContainerItemProxy */;
		};
/* End PBXTargetDependency section */

/* Begin PBXVariantGroup section */
		207CD6A91832EAAF007C4228 /* InfoPlist.strings */ = {
			isa = PBXVariantGroup;
			children = (
				207CD6AA1832EAAF007C4228 /* en */,
			);
			name = InfoPlist.strings;
			sourceTree = "<group>";
		};
		207CD6B21832EAAF007C4228 /* Main.storyboard */ = {
			isa = PBXVariantGroup;
			children = (
				207CD6B31832EAAF007C4228 /* Base */,
			);
			name = Main.storyboard;
			sourceTree = "<group>";
		};
		207CD6CD1832EAAF007C4228 /* InfoPlist.strings */ = {
			isa = PBXVariantGroup;
			children = (
				207CD6CE1832EAAF007C4228 /* en */,
			);
			name = InfoPlist.strings;
			sourceTree = "<group>";
		};
/* End PBXVariantGroup section */

/* Begin XCBuildConfiguration section */
		207CD6D21832EAAF007C4228 /* Debug */ = {
			isa = XCBuildConfiguration;
			buildSettings = {
				ALWAYS_SEARCH_USER_PATHS = NO;
				CLANG_CXX_LANGUAGE_STANDARD = "gnu++0x";
				CLANG_CXX_LIBRARY = "libc++";
				CLANG_ENABLE_MODULES = YES;
				CLANG_ENABLE_OBJC_ARC = YES;
				CLANG_WARN_BOOL_CONVERSION = YES;
				CLANG_WARN_CONSTANT_CONVERSION = YES;
				CLANG_WARN_DIRECT_OBJC_ISA_USAGE = YES_ERROR;
				CLANG_WARN_EMPTY_BODY = YES;
				CLANG_WARN_ENUM_CONVERSION = YES;
				CLANG_WARN_INT_CONVERSION = YES;
				CLANG_WARN_OBJC_ROOT_CLASS = YES_ERROR;
				CLANG_WARN__DUPLICATE_METHOD_MATCH = YES;
				"CODE_SIGN_IDENTITY[sdk=iphoneos*]" = "iPhone Developer";
				COPY_PHASE_STRIP = NO;
				GCC_C_LANGUAGE_STANDARD = gnu99;
				GCC_DYNAMIC_NO_PIC = NO;
				GCC_OPTIMIZATION_LEVEL = 0;
				GCC_PREPROCESSOR_DEFINITIONS = (
					"DEBUG=1",
					"$(inherited)",
				);
				GCC_SYMBOLS_PRIVATE_EXTERN = NO;
				GCC_WARN_64_TO_32_BIT_CONVERSION = YES;
				GCC_WARN_ABOUT_RETURN_TYPE = YES_ERROR;
				GCC_WARN_UNDECLARED_SELECTOR = YES;
				GCC_WARN_UNINITIALIZED_AUTOS = YES;
				GCC_WARN_UNUSED_FUNCTION = YES;
				GCC_WARN_UNUSED_VARIABLE = YES;
				IPHONEOS_DEPLOYMENT_TARGET = 7.0;
				ONLY_ACTIVE_ARCH = YES;
				SDKROOT = iphoneos;
				TARGETED_DEVICE_FAMILY = 2;
			};
			name = Debug;
		};
		207CD6D31832EAAF007C4228 /* Release */ = {
			isa = XCBuildConfiguration;
			buildSettings = {
				ALWAYS_SEARCH_USER_PATHS = NO;
				CLANG_CXX_LANGUAGE_STANDARD = "gnu++0x";
				CLANG_CXX_LIBRARY = "libc++";
				CLANG_ENABLE_MODULES = YES;
				CLANG_ENABLE_OBJC_ARC = YES;
				CLANG_WARN_BOOL_CONVERSION = YES;
				CLANG_WARN_CONSTANT_CONVERSION = YES;
				CLANG_WARN_DIRECT_OBJC_ISA_USAGE = YES_ERROR;
				CLANG_WARN_EMPTY_BODY = YES;
				CLANG_WARN_ENUM_CONVERSION = YES;
				CLANG_WARN_INT_CONVERSION = YES;
				CLANG_WARN_OBJC_ROOT_CLASS = YES_ERROR;
				CLANG_WARN__DUPLICATE_METHOD_MATCH = YES;
				"CODE_SIGN_IDENTITY[sdk=iphoneos*]" = "iPhone Developer";
				COPY_PHASE_STRIP = YES;
				ENABLE_NS_ASSERTIONS = NO;
				GCC_C_LANGUAGE_STANDARD = gnu99;
				GCC_WARN_64_TO_32_BIT_CONVERSION = YES;
				GCC_WARN_ABOUT_RETURN_TYPE = YES_ERROR;
				GCC_WARN_UNDECLARED_SELECTOR = YES;
				GCC_WARN_UNINITIALIZED_AUTOS = YES;
				GCC_WARN_UNUSED_FUNCTION = YES;
				GCC_WARN_UNUSED_VARIABLE = YES;
				IPHONEOS_DEPLOYMENT_TARGET = 7.0;
				SDKROOT = iphoneos;
				TARGETED_DEVICE_FAMILY = 2;
				VALIDATE_PRODUCT = YES;
			};
			name = Release;
		};
		207CD6D51832EAAF007C4228 /* Debug */ = {
			isa = XCBuildConfiguration;
			buildSettings = {
				ASSETCATALOG_COMPILER_APPICON_NAME = AppIcon;
				ASSETCATALOG_COMPILER_LAUNCHIMAGE_NAME = LaunchImage;
				GCC_PRECOMPILE_PREFIX_HEADER = YES;
				GCC_PREFIX_HEADER = "LinEqGame/LinEqGame-Prefix.pch";
				INFOPLIST_FILE = "LinEqGame/LinEqGame-Info.plist";
				PRODUCT_NAME = "$(TARGET_NAME)";
				SPRITEKIT_TEXTURE_ATLAS_OUTPUT = YES;
				WRAPPER_EXTENSION = app;
			};
			name = Debug;
		};
		207CD6D61832EAAF007C4228 /* Release */ = {
			isa = XCBuildConfiguration;
			buildSettings = {
				ASSETCATALOG_COMPILER_APPICON_NAME = AppIcon;
				ASSETCATALOG_COMPILER_LAUNCHIMAGE_NAME = LaunchImage;
				GCC_PRECOMPILE_PREFIX_HEADER = YES;
				GCC_PREFIX_HEADER = "LinEqGame/LinEqGame-Prefix.pch";
				INFOPLIST_FILE = "LinEqGame/LinEqGame-Info.plist";
				PRODUCT_NAME = "$(TARGET_NAME)";
				SPRITEKIT_TEXTURE_ATLAS_OUTPUT = YES;
				WRAPPER_EXTENSION = app;
			};
			name = Release;
		};
		207CD6D81832EAAF007C4228 /* Debug */ = {
			isa = XCBuildConfiguration;
			buildSettings = {
				BUNDLE_LOADER = "$(BUILT_PRODUCTS_DIR)/LinEqGame.app/LinEqGame";
				FRAMEWORK_SEARCH_PATHS = (
					"$(SDKROOT)/Developer/Library/Frameworks",
					"$(inherited)",
					"$(DEVELOPER_FRAMEWORKS_DIR)",
				);
				GCC_PRECOMPILE_PREFIX_HEADER = YES;
				GCC_PREFIX_HEADER = "LinEqGame/LinEqGame-Prefix.pch";
				GCC_PREPROCESSOR_DEFINITIONS = (
					"DEBUG=1",
					"$(inherited)",
				);
				INFOPLIST_FILE = "LinEqGameTests/LinEqGameTests-Info.plist";
				PRODUCT_NAME = "$(TARGET_NAME)";
				TEST_HOST = "$(BUNDLE_LOADER)";
				WRAPPER_EXTENSION = xctest;
			};
			name = Debug;
		};
		207CD6D91832EAAF007C4228 /* Release */ = {
			isa = XCBuildConfiguration;
			buildSettings = {
				BUNDLE_LOADER = "$(BUILT_PRODUCTS_DIR)/LinEqGame.app/LinEqGame";
				FRAMEWORK_SEARCH_PATHS = (
					"$(SDKROOT)/Developer/Library/Frameworks",
					"$(inherited)",
					"$(DEVELOPER_FRAMEWORKS_DIR)",
				);
				GCC_PRECOMPILE_PREFIX_HEADER = YES;
				GCC_PREFIX_HEADER = "LinEqGame/LinEqGame-Prefix.pch";
				INFOPLIST_FILE = "LinEqGameTests/LinEqGameTests-Info.plist";
				PRODUCT_NAME = "$(TARGET_NAME)";
				TEST_HOST = "$(BUNDLE_LOADER)";
				WRAPPER_EXTENSION = xctest;
			};
			name = Release;
		};
/* End XCBuildConfiguration section */

/* Begin XCConfigurationList section */
		207CD6961832EAAE007C4228 /* Build configuration list for PBXProject "LinEqGame" */ = {
			isa = XCConfigurationList;
			buildConfigurations = (
				207CD6D21832EAAF007C4228 /* Debug */,
				207CD6D31832EAAF007C4228 /* Release */,
			);
			defaultConfigurationIsVisible = 0;
			defaultConfigurationName = Release;
		};
		207CD6D41832EAAF007C4228 /* Build configuration list for PBXNativeTarget "LinEqGame" */ = {
			isa = XCConfigurationList;
			buildConfigurations = (
				207CD6D51832EAAF007C4228 /* Debug */,
				207CD6D61832EAAF007C4228 /* Release */,
			);
			defaultConfigurationIsVisible = 0;
			defaultConfigurationName = Release;
		};
		207CD6D71832EAAF007C4228 /* Build configuration list for PBXNativeTarget "LinEqGameTests" */ = {
			isa = XCConfigurationList;
			buildConfigurations = (
				207CD6D81832EAAF007C4228 /* Debug */,
				207CD6D91832EAAF007C4228 /* Release */,
			);
			defaultConfigurationIsVisible = 0;
			defaultConfigurationName = Release;
		};
/* End XCConfigurationList section */
	};
	rootObject = 207CD6931832EAAE007C4228 /* Project object */;
}
